{
  "name": "Finance v Tabulce",
  "lockfileVersion": 3,
  "requires": true,
  "packages": {
    "": {
      "devDependencies": {
        "elm-codec": "github:pravdomil/elm-codec",
        "elm-ffi": "github:pravdomil/elm-ffi",
        "elm-ffi-appscript": "github:pravdomil/elm-ffi-appscript",
        "elm-fio-cz": "github:pravdomil/elm-fio-cz",
        "elm-utils": "github:pravdomil/elm-utils"
      }
    },
    "node_modules/elm-codec": {
      "resolved": "git+ssh://git@github.com/pravdomil/elm-codec.git#91b78df96e9edf3c0c46fd2e031bd63b49260334",
      "dev": true
    },
    "node_modules/elm-ffi": {
      "resolved": "git+ssh://git@github.com/pravdomil/elm-ffi.git#552a0a3673c5957bc93356da0bb6fc69cd535696",
      "dev": true,
      "bin": {
        "elm-ffi": "bin/elm-ffi"
      }
    },
    "node_modules/elm-ffi-appscript": {
      "resolved": "git+ssh://git@github.com/pravdomil/elm-ffi-appscript.git#2165d32b5f866881e67748a82d2bfa6d3d673f9f",
      "dev": true
    },
    "node_modules/elm-fio-cz": {
      "resolved": "git+ssh://git@github.com/pravdomil/elm-fio-cz.git#e3c9778d57451a93a1cebb47d1c366b20d19ba95",
      "dev": true
    },
    "node_modules/elm-utils": {
      "resolved": "git+ssh://git@github.com/pravdomil/elm-utils.git#0fdf67eb2ff9bb1a4536aff971d09e6880d39d48",
      "dev": true
    }
  }
}
