{
  "name": "Finance v Tabulce",
  "lockfileVersion": 3,
  "requires": true,
  "packages": {
    "": {
      "devDependencies": {
        "elm-ffi": "github:pravdomil/elm-ffi",
        "elm-ffi-appscript": "github:pravdomil/elm-ffi-appscript",
        "elm-fio-cz": "github:pravdomil/elm-fio-cz",
        "elm-minify": "github:pravdomil/elm-minify",
        "elm-utils": "github:pravdomil/elm-utils"
      }
    },
    "node_modules/elm-ffi": {
      "resolved": "git+ssh://git@github.com/pravdomil/elm-ffi.git#85c29d96bfdd60f17a69e658eb93574fbeda33e3",
      "dev": true,
      "bin": {
        "elm-ffi": "bin/elm-ffi"
      }
    },
    "node_modules/elm-ffi-appscript": {
      "resolved": "git+ssh://git@github.com/pravdomil/elm-ffi-appscript.git#b2d2fa278a2f04dc9da58ee509d9a7c4303d637b",
      "dev": true
    },
    "node_modules/elm-fio-cz": {
      "resolved": "git+ssh://git@github.com/pravdomil/elm-fio-cz.git#e3c9778d57451a93a1cebb47d1c366b20d19ba95",
      "dev": true
    },
    "node_modules/elm-minify": {
      "resolved": "git+ssh://git@github.com/pravdomil/elm-minify.git#edb5e5735bf35cf2627bd82917434d299ded4ae5",
      "dev": true,
      "dependencies": {
        "uglify-js": "^3.16.3"
      },
      "bin": {
        "elm-minify": "bin/elm-minify.js"
      }
    },
    "node_modules/elm-utils": {
      "resolved": "git+ssh://git@github.com/pravdomil/elm-utils.git#c31a09e1dfd2e8321f887264dce9ac563da143e4",
      "dev": true
    },
    "node_modules/uglify-js": {
      "version": "3.17.4",
      "resolved": "https://registry.npmjs.org/uglify-js/-/uglify-js-3.17.4.tgz",
      "integrity": "sha512-T9q82TJI9e/C1TAxYvfb16xO120tMVFZrGA3f9/P4424DNu6ypK103y0GPFVa17yotwSyZW5iYXgjYHkGrJW/g==",
      "dev": true,
      "bin": {
        "uglifyjs": "bin/uglifyjs"
      },
      "engines": {
        "node": ">=0.8.0"
      }
    }
  }
}
